// !$*UTF8*$!
{
	archiveVersion = 1;
	classes = {
	};
	objectVersion = 55;
	objects = {

/* Begin PBXBuildFile section */
		6108DB0B285A7F2800B21586 /* Movie.swift in Sources */ = {isa = PBXBuildFile; fileRef = 6108DB0A285A7F2800B21586 /* Movie.swift */; };
		6108DB10285A96DE00B21586 /* MoviesResponse.swift in Sources */ = {isa = PBXBuildFile; fileRef = 6108DB0F285A96DE00B21586 /* MoviesResponse.swift */; };
		6108DB15285ABB8900B21586 /* Movies.storyboard in Resources */ = {isa = PBXBuildFile; fileRef = 6108DB14285ABB8900B21586 /* Movies.storyboard */; };
		6108DB19285ABD0400B21586 /* MoviesViewController.swift in Sources */ = {isa = PBXBuildFile; fileRef = 6108DB18285ABD0400B21586 /* MoviesViewController.swift */; };
		6121A4D5285A53FF000F2B82 /* AppDelegate.swift in Sources */ = {isa = PBXBuildFile; fileRef = 6121A4D4285A53FF000F2B82 /* AppDelegate.swift */; };
		6121A4D7285A53FF000F2B82 /* SceneDelegate.swift in Sources */ = {isa = PBXBuildFile; fileRef = 6121A4D6285A53FF000F2B82 /* SceneDelegate.swift */; };
		6121A4DE285A53FF000F2B82 /* Assets.xcassets in Resources */ = {isa = PBXBuildFile; fileRef = 6121A4DD285A53FF000F2B82 /* Assets.xcassets */; };
		6121A4E1285A53FF000F2B82 /* LaunchScreen.storyboard in Resources */ = {isa = PBXBuildFile; fileRef = 6121A4DF285A53FF000F2B82 /* LaunchScreen.storyboard */; };
		6121A4F1285A5C90000F2B82 /* Alamofire in Frameworks */ = {isa = PBXBuildFile; productRef = 6121A4F0285A5C90000F2B82 /* Alamofire */; };
		6121A4F3285A5D46000F2B82 /* MovieWS.swift in Sources */ = {isa = PBXBuildFile; fileRef = 6121A4F2285A5D46000F2B82 /* MovieWS.swift */; };
/* End PBXBuildFile section */

/* Begin PBXFileReference section */
		6108DB0A285A7F2800B21586 /* Movie.swift */ = {isa = PBXFileReference; lastKnownFileType = sourcecode.swift; path = Movie.swift; sourceTree = "<group>"; };
		6108DB0F285A96DE00B21586 /* MoviesResponse.swift */ = {isa = PBXFileReference; lastKnownFileType = sourcecode.swift; path = MoviesResponse.swift; sourceTree = "<group>"; };
		6108DB14285ABB8900B21586 /* Movies.storyboard */ = {isa = PBXFileReference; lastKnownFileType = file.storyboard; path = Movies.storyboard; sourceTree = "<group>"; };
		6108DB18285ABD0400B21586 /* MoviesViewController.swift */ = {isa = PBXFileReference; lastKnownFileType = sourcecode.swift; path = MoviesViewController.swift; sourceTree = "<group>"; };
		6121A4D1285A53FF000F2B82 /* Peliculas.app */ = {isa = PBXFileReference; explicitFileType = wrapper.application; includeInIndex = 0; path = Peliculas.app; sourceTree = BUILT_PRODUCTS_DIR; };
		6121A4D4285A53FF000F2B82 /* AppDelegate.swift */ = {isa = PBXFileReference; lastKnownFileType = sourcecode.swift; path = AppDelegate.swift; sourceTree = "<group>"; };
		6121A4D6285A53FF000F2B82 /* SceneDelegate.swift */ = {isa = PBXFileReference; lastKnownFileType = sourcecode.swift; path = SceneDelegate.swift; sourceTree = "<group>"; };
		6121A4DD285A53FF000F2B82 /* Assets.xcassets */ = {isa = PBXFileReference; lastKnownFileType = folder.assetcatalog; path = Assets.xcassets; sourceTree = "<group>"; };
		6121A4E0285A53FF000F2B82 /* Base */ = {isa = PBXFileReference; lastKnownFileType = file.storyboard; name = Base; path = Base.lproj/LaunchScreen.storyboard; sourceTree = "<group>"; };
		6121A4E2285A53FF000F2B82 /* Info.plist */ = {isa = PBXFileReference; lastKnownFileType = text.plist.xml; path = Info.plist; sourceTree = "<group>"; };
		6121A4F2285A5D46000F2B82 /* MovieWS.swift */ = {isa = PBXFileReference; lastKnownFileType = sourcecode.swift; path = MovieWS.swift; sourceTree = "<group>"; };
/* End PBXFileReference section */

/* Begin PBXFrameworksBuildPhase section */
		6121A4CE285A53FF000F2B82 /* Frameworks */ = {
			isa = PBXFrameworksBuildPhase;
			buildActionMask = 2147483647;
			files = (
				6121A4F1285A5C90000F2B82 /* Alamofire in Frameworks */,
			);
			runOnlyForDeploymentPostprocessing = 0;
		};
/* End PBXFrameworksBuildPhase section */

/* Begin PBXGroup section */
		6108DB0C285A962800B21586 /* WS */ = {
			isa = PBXGroup;
			children = (
				6121A4F2285A5D46000F2B82 /* MovieWS.swift */,
			);
			path = WS;
			sourceTree = "<group>";
		};
		6108DB0D285A964F00B21586 /* Entities */ = {
			isa = PBXGroup;
			children = (
				6108DB0A285A7F2800B21586 /* Movie.swift */,
			);
			path = Entities;
			sourceTree = "<group>";
		};
		6108DB0E285A967900B21586 /* DTO */ = {
			isa = PBXGroup;
			children = (
				6108DB0F285A96DE00B21586 /* MoviesResponse.swift */,
			);
			path = DTO;
			sourceTree = "<group>";
		};
		6108DB11285ABA8100B21586 /* iPHONE */ = {
			isa = PBXGroup;
			children = (
				6108DB13285ABB2100B21586 /* Storyboards */,
				6108DB12285ABAE700B21586 /* Classes */,
			);
			path = iPHONE;
			sourceTree = "<group>";
		};
		6108DB12285ABAE700B21586 /* Classes */ = {
			isa = PBXGroup;
			children = (
				6108DB16285ABC9600B21586 /* Movie */,
			);
			path = Classes;
			sourceTree = "<group>";
		};
		6108DB13285ABB2100B21586 /* Storyboards */ = {
			isa = PBXGroup;
			children = (
				6108DB14285ABB8900B21586 /* Movies.storyboard */,
			);
			path = Storyboards;
			sourceTree = "<group>";
		};
		6108DB16285ABC9600B21586 /* Movie */ = {
			isa = PBXGroup;
			children = (
				6108DB17285ABCA100B21586 /* List */,
			);
			path = Movie;
			sourceTree = "<group>";
		};
		6108DB17285ABCA100B21586 /* List */ = {
			isa = PBXGroup;
			children = (
				6108DB18285ABD0400B21586 /* MoviesViewController.swift */,
			);
			path = List;
			sourceTree = "<group>";
		};
		6121A4C8285A53FF000F2B82 = {
			isa = PBXGroup;
			children = (
				6121A4D3285A53FF000F2B82 /* Peliculas */,
				6121A4D2285A53FF000F2B82 /* Products */,
			);
			sourceTree = "<group>";
		};
		6121A4D2285A53FF000F2B82 /* Products */ = {
			isa = PBXGroup;
			children = (
				6121A4D1285A53FF000F2B82 /* Peliculas.app */,
			);
			name = Products;
			sourceTree = "<group>";
		};
		6121A4D3285A53FF000F2B82 /* Peliculas */ = {
			isa = PBXGroup;
			children = (
				6108DB11285ABA8100B21586 /* iPHONE */,
				6108DB0E285A967900B21586 /* DTO */,
				6108DB0D285A964F00B21586 /* Entities */,
				6108DB0C285A962800B21586 /* WS */,
				6121A4D4285A53FF000F2B82 /* AppDelegate.swift */,
				6121A4D6285A53FF000F2B82 /* SceneDelegate.swift */,
				6121A4DD285A53FF000F2B82 /* Assets.xcassets */,
				6121A4DF285A53FF000F2B82 /* LaunchScreen.storyboard */,
				6121A4E2285A53FF000F2B82 /* Info.plist */,
			);
			path = Peliculas;
			sourceTree = "<group>";
		};
/* End PBXGroup section */

/* Begin PBXNativeTarget section */
		6121A4D0285A53FF000F2B82 /* Peliculas */ = {
			isa = PBXNativeTarget;
			buildConfigurationList = 6121A4E5285A53FF000F2B82 /* Build configuration list for PBXNativeTarget "Peliculas" */;
			buildPhases = (
				6121A4CD285A53FF000F2B82 /* Sources */,
				6121A4CE285A53FF000F2B82 /* Frameworks */,
				6121A4CF285A53FF000F2B82 /* Resources */,
			);
			buildRules = (
			);
			dependencies = (
			);
			name = Peliculas;
			packageProductDependencies = (
				6121A4F0285A5C90000F2B82 /* Alamofire */,
			);
			productName = Peliculas;
			productReference = 6121A4D1285A53FF000F2B82 /* Peliculas.app */;
			productType = "com.apple.product-type.application";
		};
/* End PBXNativeTarget section */

/* Begin PBXProject section */
		6121A4C9285A53FF000F2B82 /* Project object */ = {
			isa = PBXProject;
			attributes = {
				BuildIndependentTargetsInParallel = 1;
				LastSwiftUpdateCheck = 1330;
				LastUpgradeCheck = 1330;
				TargetAttributes = {
					6121A4D0285A53FF000F2B82 = {
						CreatedOnToolsVersion = 13.3;
					};
				};
			};
			buildConfigurationList = 6121A4CC285A53FF000F2B82 /* Build configuration list for PBXProject "Peliculas" */;
			compatibilityVersion = "Xcode 13.0";
			developmentRegion = en;
			hasScannedForEncodings = 0;
			knownRegions = (
				en,
				Base,
			);
			mainGroup = 6121A4C8285A53FF000F2B82;
			packageReferences = (
				6121A4EF285A5C90000F2B82 /* XCRemoteSwiftPackageReference "Alamofire" */,
			);
			productRefGroup = 6121A4D2285A53FF000F2B82 /* Products */;
			projectDirPath = "";
			projectRoot = "";
			targets = (
				6121A4D0285A53FF000F2B82 /* Peliculas */,
			);
		};
/* End PBXProject section */

/* Begin PBXResourcesBuildPhase section */
		6121A4CF285A53FF000F2B82 /* Resources */ = {
			isa = PBXResourcesBuildPhase;
			buildActionMask = 2147483647;
			files = (
				6121A4E1285A53FF000F2B82 /* LaunchScreen.storyboard in Resources */,
				6108DB15285ABB8900B21586 /* Movies.storyboard in Resources */,
				6121A4DE285A53FF000F2B82 /* Assets.xcassets in Resources */,
			);
			runOnlyForDeploymentPostprocessing = 0;
		};
/* End PBXResourcesBuildPhase section */

/* Begin PBXSourcesBuildPhase section */
		6121A4CD285A53FF000F2B82 /* Sources */ = {
			isa = PBXSourcesBuildPhase;
			buildActionMask = 2147483647;
			files = (
				6121A4D5285A53FF000F2B82 /* AppDelegate.swift in Sources */,
				6121A4F3285A5D46000F2B82 /* MovieWS.swift in Sources */,
				6121A4D7285A53FF000F2B82 /* SceneDelegate.swift in Sources */,
				6108DB0B285A7F2800B21586 /* Movie.swift in Sources */,
				6108DB19285ABD0400B21586 /* MoviesViewController.swift in Sources */,
				6108DB10285A96DE00B21586 /* MoviesResponse.swift in Sources */,
			);
			runOnlyForDeploymentPostprocessing = 0;
		};
/* End PBXSourcesBuildPhase section */

/* Begin PBXVariantGroup section */
		6121A4DF285A53FF000F2B82 /* LaunchScreen.storyboard */ = {
			isa = PBXVariantGroup;
			children = (
				6121A4E0285A53FF000F2B82 /* Base */,
			);
			name = LaunchScreen.storyboard;
			sourceTree = "<group>";
		};
/* End PBXVariantGroup section */

/* Begin XCBuildConfiguration section */
		6121A4E3285A53FF000F2B82 /* Debug */ = {
			isa = XCBuildConfiguration;
			buildSettings = {
				ALWAYS_SEARCH_USER_PATHS = NO;
				CLANG_ANALYZER_NONNULL = YES;
				CLANG_ANALYZER_NUMBER_OBJECT_CONVERSION = YES_AGGRESSIVE;
				CLANG_CXX_LANGUAGE_STANDARD = "gnu++17";
				CLANG_ENABLE_MODULES = YES;
				CLANG_ENABLE_OBJC_ARC = YES;
				CLANG_ENABLE_OBJC_WEAK = YES;
				CLANG_WARN_BLOCK_CAPTURE_AUTORELEASING = YES;
				CLANG_WARN_BOOL_CONVERSION = YES;
				CLANG_WARN_COMMA = YES;
				CLANG_WARN_CONSTANT_CONVERSION = YES;
				CLANG_WARN_DEPRECATED_OBJC_IMPLEMENTATIONS = YES;
				CLANG_WARN_DIRECT_OBJC_ISA_USAGE = YES_ERROR;
				CLANG_WARN_DOCUMENTATION_COMMENTS = YES;
				CLANG_WARN_EMPTY_BODY = YES;
				CLANG_WARN_ENUM_CONVERSION = YES;
				CLANG_WARN_INFINITE_RECURSION = YES;
				CLANG_WARN_INT_CONVERSION = YES;
				CLANG_WARN_NON_LITERAL_NULL_CONVERSION = YES;
				CLANG_WARN_OBJC_IMPLICIT_RETAIN_SELF = YES;
				CLANG_WARN_OBJC_LITERAL_CONVERSION = YES;
				CLANG_WARN_OBJC_ROOT_CLASS = YES_ERROR;
				CLANG_WARN_QUOTED_INCLUDE_IN_FRAMEWORK_HEADER = YES;
				CLANG_WARN_RANGE_LOOP_ANALYSIS = YES;
				CLANG_WARN_STRICT_PROTOTYPES = YES;
				CLANG_WARN_SUSPICIOUS_MOVE = YES;
				CLANG_WARN_UNGUARDED_AVAILABILITY = YES_AGGRESSIVE;
				CLANG_WARN_UNREACHABLE_CODE = YES;
				CLANG_WARN__DUPLICATE_METHOD_MATCH = YES;
				COPY_PHASE_STRIP = NO;
				DEBUG_INFORMATION_FORMAT = dwarf;
				ENABLE_STRICT_OBJC_MSGSEND = YES;
				ENABLE_TESTABILITY = YES;
				GCC_C_LANGUAGE_STANDARD = gnu11;
				GCC_DYNAMIC_NO_PIC = NO;
				GCC_NO_COMMON_BLOCKS = YES;
				GCC_OPTIMIZATION_LEVEL = 0;
				GCC_PREPROCESSOR_DEFINITIONS = (
					"DEBUG=1",
					"$(inherited)",
				);
				GCC_WARN_64_TO_32_BIT_CONVERSION = YES;
				GCC_WARN_ABOUT_RETURN_TYPE = YES_ERROR;
				GCC_WARN_UNDECLARED_SELECTOR = YES;
				GCC_WARN_UNINITIALIZED_AUTOS = YES_AGGRESSIVE;
				GCC_WARN_UNUSED_FUNCTION = YES;
				GCC_WARN_UNUSED_VARIABLE = YES;
				IPHONEOS_DEPLOYMENT_TARGET = 15.0;
				MTL_ENABLE_DEBUG_INFO = INCLUDE_SOURCE;
				MTL_FAST_MATH = YES;
				ONLY_ACTIVE_ARCH = YES;
				SDKROOT = iphoneos;
				SWIFT_ACTIVE_COMPILATION_CONDITIONS = DEBUG;
				SWIFT_OPTIMIZATION_LEVEL = "-Onone";
			};
			name = Debug;
		};
		6121A4E4285A53FF000F2B82 /* Release */ = {
			isa = XCBuildConfiguration;
			buildSettings = {
				ALWAYS_SEARCH_USER_PATHS = NO;
				CLANG_ANALYZER_NONNULL = YES;
				CLANG_ANALYZER_NUMBER_OBJECT_CONVERSION = YES_AGGRESSIVE;
				CLANG_CXX_LANGUAGE_STANDARD = "gnu++17";
				CLANG_ENABLE_MODULES = YES;
				CLANG_ENABLE_OBJC_ARC = YES;
				CLANG_ENABLE_OBJC_WEAK = YES;
				CLANG_WARN_BLOCK_CAPTURE_AUTORELEASING = YES;
				CLANG_WARN_BOOL_CONVERSION = YES;
				CLANG_WARN_COMMA = YES;
				CLANG_WARN_CONSTANT_CONVERSION = YES;
				CLANG_WARN_DEPRECATED_OBJC_IMPLEMENTATIONS = YES;
				CLANG_WARN_DIRECT_OBJC_ISA_USAGE = YES_ERROR;
				CLANG_WARN_DOCUMENTATION_COMMENTS = YES;
				CLANG_WARN_EMPTY_BODY = YES;
				CLANG_WARN_ENUM_CONVERSION = YES;
				CLANG_WARN_INFINITE_RECURSION = YES;
				CLANG_WARN_INT_CONVERSION = YES;
				CLANG_WARN_NON_LITERAL_NULL_CONVERSION = YES;
				CLANG_WARN_OBJC_IMPLICIT_RETAIN_SELF = YES;
				CLANG_WARN_OBJC_LITERAL_CONVERSION = YES;
				CLANG_WARN_OBJC_ROOT_CLASS = YES_ERROR;
				CLANG_WARN_QUOTED_INCLUDE_IN_FRAMEWORK_HEADER = YES;
				CLANG_WARN_RANGE_LOOP_ANALYSIS = YES;
				CLANG_WARN_STRICT_PROTOTYPES = YES;
				CLANG_WARN_SUSPICIOUS_MOVE = YES;
				CLANG_WARN_UNGUARDED_AVAILABILITY = YES_AGGRESSIVE;
				CLANG_WARN_UNREACHABLE_CODE = YES;
				CLANG_WARN__DUPLICATE_METHOD_MATCH = YES;
				COPY_PHASE_STRIP = NO;
				DEBUG_INFORMATION_FORMAT = "dwarf-with-dsym";
				ENABLE_NS_ASSERTIONS = NO;
				ENABLE_STRICT_OBJC_MSGSEND = YES;
				GCC_C_LANGUAGE_STANDARD = gnu11;
				GCC_NO_COMMON_BLOCKS = YES;
				GCC_WARN_64_TO_32_BIT_CONVERSION = YES;
				GCC_WARN_ABOUT_RETURN_TYPE = YES_ERROR;
				GCC_WARN_UNDECLARED_SELECTOR = YES;
				GCC_WARN_UNINITIALIZED_AUTOS = YES_AGGRESSIVE;
				GCC_WARN_UNUSED_FUNCTION = YES;
				GCC_WARN_UNUSED_VARIABLE = YES;
				IPHONEOS_DEPLOYMENT_TARGET = 15.0;
				MTL_ENABLE_DEBUG_INFO = NO;
				MTL_FAST_MATH = YES;
				SDKROOT = iphoneos;
				SWIFT_COMPILATION_MODE = wholemodule;
				SWIFT_OPTIMIZATION_LEVEL = "-O";
				VALIDATE_PRODUCT = YES;
			};
			name = Release;
		};
		6121A4E6285A53FF000F2B82 /* Debug */ = {
			isa = XCBuildConfiguration;
			buildSettings = {
				ASSETCATALOG_COMPILER_APPICON_NAME = AppIcon;
				ASSETCATALOG_COMPILER_GLOBAL_ACCENT_COLOR_NAME = AccentColor;
				CODE_SIGN_STYLE = Automatic;
				CURRENT_PROJECT_VERSION = 1;
				DEVELOPMENT_TEAM = PDDUNXV5FW;
				GENERATE_INFOPLIST_FILE = YES;
				INFOPLIST_FILE = Peliculas/Info.plist;
				INFOPLIST_KEY_UIApplicationSupportsIndirectInputEvents = YES;
				INFOPLIST_KEY_UILaunchStoryboardName = LaunchScreen;
				INFOPLIST_KEY_UIMainStoryboardFile = Movies;
				INFOPLIST_KEY_UISupportedInterfaceOrientations_iPad = "UIInterfaceOrientationPortrait UIInterfaceOrientationPortraitUpsideDown UIInterfaceOrientationLandscapeLeft UIInterfaceOrientationLandscapeRight";
				INFOPLIST_KEY_UISupportedInterfaceOrientations_iPhone = "UIInterfaceOrientationPortrait UIInterfaceOrientationLandscapeLeft UIInterfaceOrientationLandscapeRight";
				LD_RUNPATH_SEARCH_PATHS = (
					"$(inherited)",
					"@executable_path/Frameworks",
				);
				MARKETING_VERSION = 1.0;
				PRODUCT_BUNDLE_IDENTIFIER = com.isil.Peliculas;
				PRODUCT_NAME = "$(TARGET_NAME)";
				SWIFT_EMIT_LOC_STRINGS = YES;
				SWIFT_VERSION = 5.0;
				TARGETED_DEVICE_FAMILY = "1,2";
			};
			name = Debug;
		};
		6121A4E7285A53FF000F2B82 /* Release */ = {
			isa = XCBuildConfiguration;
			buildSettings = {
				ASSETCATALOG_COMPILER_APPICON_NAME = AppIcon;
				ASSETCATALOG_COMPILER_GLOBAL_ACCENT_COLOR_NAME = AccentColor;
				CODE_SIGN_STYLE = Automatic;
				CURRENT_PROJECT_VERSION = 1;
				DEVELOPMENT_TEAM = PDDUNXV5FW;
				GENERATE_INFOPLIST_FILE = YES;
				INFOPLIST_FILE = Peliculas/Info.plist;
				INFOPLIST_KEY_UIApplicationSupportsIndirectInputEvents = YES;
				INFOPLIST_KEY_UILaunchStoryboardName = LaunchScreen;
				INFOPLIST_KEY_UIMainStoryboardFile = Movies;
				INFOPLIST_KEY_UISupportedInterfaceOrientations_iPad = "UIInterfaceOrientationPortrait UIInterfaceOrientationPortraitUpsideDown UIInterfaceOrientationLandscapeLeft UIInterfaceOrientationLandscapeRight";
				INFOPLIST_KEY_UISupportedInterfaceOrientations_iPhone = "UIInterfaceOrientationPortrait UIInterfaceOrientationLandscapeLeft UIInterfaceOrientationLandscapeRight";
				LD_RUNPATH_SEARCH_PATHS = (
					"$(inherited)",
					"@executable_path/Frameworks",
				);
				MARKETING_VERSION = 1.0;
				PRODUCT_BUNDLE_IDENTIFIER = com.isil.Peliculas;
				PRODUCT_NAME = "$(TARGET_NAME)";
				SWIFT_EMIT_LOC_STRINGS = YES;
				SWIFT_VERSION = 5.0;
				TARGETED_DEVICE_FAMILY = "1,2";
			};
			name = Release;
		};
/* End XCBuildConfiguration section */

/* Begin XCConfigurationList section */
		6121A4CC285A53FF000F2B82 /* Build configuration list for PBXProject "Peliculas" */ = {
			isa = XCConfigurationList;
			buildConfigurations = (
				6121A4E3285A53FF000F2B82 /* Debug */,
				6121A4E4285A53FF000F2B82 /* Release */,
			);
			defaultConfigurationIsVisible = 0;
			defaultConfigurationName = Release;
		};
		6121A4E5285A53FF000F2B82 /* Build configuration list for PBXNativeTarget "Peliculas" */ = {
			isa = XCConfigurationList;
			buildConfigurations = (
				6121A4E6285A53FF000F2B82 /* Debug */,
				6121A4E7285A53FF000F2B82 /* Release */,
			);
			defaultConfigurationIsVisible = 0;
			defaultConfigurationName = Release;
		};
/* End XCConfigurationList section */

/* Begin XCRemoteSwiftPackageReference section */
		6121A4EF285A5C90000F2B82 /* XCRemoteSwiftPackageReference "Alamofire" */ = {
			isa = XCRemoteSwiftPackageReference;
			repositoryURL = "https://github.com/Alamofire/Alamofire";
			requirement = {
				kind = upToNextMajorVersion;
				minimumVersion = 5.0.0;
			};
		};
/* End XCRemoteSwiftPackageReference section */

/* Begin XCSwiftPackageProductDependency section */
		6121A4F0285A5C90000F2B82 /* Alamofire */ = {
			isa = XCSwiftPackageProductDependency;
			package = 6121A4EF285A5C90000F2B82 /* XCRemoteSwiftPackageReference "Alamofire" */;
			productName = Alamofire;
		};
/* End XCSwiftPackageProductDependency section */
	};
	rootObject = 6121A4C9285A53FF000F2B82 /* Project object */;
}
