// !$*UTF8*$!
{
	archiveVersion = 1;
	classes = {
	};
	objectVersion = 55;
	objects = {

/* Begin PBXBuildFile section */
		6108DB27285ADC8B00B21586 /* AppDelegate.swift in Sources */ = {isa = PBXBuildFile; fileRef = 6108DB26285ADC8B00B21586 /* AppDelegate.swift */; };
		6108DB29285ADC8B00B21586 /* SceneDelegate.swift in Sources */ = {isa = PBXBuildFile; fileRef = 6108DB28285ADC8B00B21586 /* SceneDelegate.swift */; };
		6108DB2E285ADC8B00B21586 /* Main.storyboard in Resources */ = {isa = PBXBuildFile; fileRef = 6108DB2C285ADC8B00B21586 /* Main.storyboard */; };
		6108DB30285ADC8C00B21586 /* Assets.xcassets in Resources */ = {isa = PBXBuildFile; fileRef = 6108DB2F285ADC8C00B21586 /* Assets.xcassets */; };
		6108DB33285ADC8C00B21586 /* LaunchScreen.storyboard in Resources */ = {isa = PBXBuildFile; fileRef = 6108DB31285ADC8C00B21586 /* LaunchScreen.storyboard */; };
		6108DB3B285ADD0100B21586 /* HomeViewController.swift in Sources */ = {isa = PBXBuildFile; fileRef = 6108DB3A285ADD0100B21586 /* HomeViewController.swift */; };
		6108DB3D285AEA5400B21586 /* OptionViewController.swift in Sources */ = {isa = PBXBuildFile; fileRef = 6108DB3C285AEA5400B21586 /* OptionViewController.swift */; };
		6108DB3F285AEA9700B21586 /* Option1ViewController.swift in Sources */ = {isa = PBXBuildFile; fileRef = 6108DB3E285AEA9700B21586 /* Option1ViewController.swift */; };
		6108DB41285AEAF900B21586 /* Option2ViewController.swift in Sources */ = {isa = PBXBuildFile; fileRef = 6108DB40285AEAF900B21586 /* Option2ViewController.swift */; };
		6108DB43285AECB300B21586 /* Option3ViewController.swift in Sources */ = {isa = PBXBuildFile; fileRef = 6108DB42285AECB300B21586 /* Option3ViewController.swift */; };
/* End PBXBuildFile section */

/* Begin PBXFileReference section */
		6108DB23285ADC8B00B21586 /* Parcial.app */ = {isa = PBXFileReference; explicitFileType = wrapper.application; includeInIndex = 0; path = Parcial.app; sourceTree = BUILT_PRODUCTS_DIR; };
		6108DB26285ADC8B00B21586 /* AppDelegate.swift */ = {isa = PBXFileReference; lastKnownFileType = sourcecode.swift; path = AppDelegate.swift; sourceTree = "<group>"; };
		6108DB28285ADC8B00B21586 /* SceneDelegate.swift */ = {isa = PBXFileReference; lastKnownFileType = sourcecode.swift; path = SceneDelegate.swift; sourceTree = "<group>"; };
		6108DB2D285ADC8B00B21586 /* Base */ = {isa = PBXFileReference; lastKnownFileType = file.storyboard; name = Base; path = Base.lproj/Main.storyboard; sourceTree = "<group>"; };
		6108DB2F285ADC8C00B21586 /* Assets.xcassets */ = {isa = PBXFileReference; lastKnownFileType = folder.assetcatalog; path = Assets.xcassets; sourceTree = "<group>"; };
		6108DB32285ADC8C00B21586 /* Base */ = {isa = PBXFileReference; lastKnownFileType = file.storyboard; name = Base; path = Base.lproj/LaunchScreen.storyboard; sourceTree = "<group>"; };
		6108DB34285ADC8C00B21586 /* Info.plist */ = {isa = PBXFileReference; lastKnownFileType = text.plist.xml; path = Info.plist; sourceTree = "<group>"; };
		6108DB3A285ADD0100B21586 /* HomeViewController.swift */ = {isa = PBXFileReference; lastKnownFileType = sourcecode.swift; path = HomeViewController.swift; sourceTree = "<group>"; };
		6108DB3C285AEA5400B21586 /* OptionViewController.swift */ = {isa = PBXFileReference; lastKnownFileType = sourcecode.swift; path = OptionViewController.swift; sourceTree = "<group>"; };
		6108DB3E285AEA9700B21586 /* Option1ViewController.swift */ = {isa = PBXFileReference; lastKnownFileType = sourcecode.swift; path = Option1ViewController.swift; sourceTree = "<group>"; };
		6108DB40285AEAF900B21586 /* Option2ViewController.swift */ = {isa = PBXFileReference; lastKnownFileType = sourcecode.swift; path = Option2ViewController.swift; sourceTree = "<group>"; };
		6108DB42285AECB300B21586 /* Option3ViewController.swift */ = {isa = PBXFileReference; lastKnownFileType = sourcecode.swift; path = Option3ViewController.swift; sourceTree = "<group>"; };
/* End PBXFileReference section */

/* Begin PBXFrameworksBuildPhase section */
		6108DB20285ADC8B00B21586 /* Frameworks */ = {
			isa = PBXFrameworksBuildPhase;
			buildActionMask = 2147483647;
			files = (
			);
			runOnlyForDeploymentPostprocessing = 0;
		};
/* End PBXFrameworksBuildPhase section */

/* Begin PBXGroup section */
		6108DB1A285ADC8B00B21586 = {
			isa = PBXGroup;
			children = (
				6108DB25285ADC8B00B21586 /* Parcial */,
				6108DB24285ADC8B00B21586 /* Products */,
			);
			sourceTree = "<group>";
		};
		6108DB24285ADC8B00B21586 /* Products */ = {
			isa = PBXGroup;
			children = (
				6108DB23285ADC8B00B21586 /* Parcial.app */,
			);
			name = Products;
			sourceTree = "<group>";
		};
		6108DB25285ADC8B00B21586 /* Parcial */ = {
			isa = PBXGroup;
			children = (
				6108DB26285ADC8B00B21586 /* AppDelegate.swift */,
				6108DB28285ADC8B00B21586 /* SceneDelegate.swift */,
				6108DB2C285ADC8B00B21586 /* Main.storyboard */,
				6108DB2F285ADC8C00B21586 /* Assets.xcassets */,
				6108DB31285ADC8C00B21586 /* LaunchScreen.storyboard */,
				6108DB34285ADC8C00B21586 /* Info.plist */,
				6108DB3A285ADD0100B21586 /* HomeViewController.swift */,
				6108DB3C285AEA5400B21586 /* OptionViewController.swift */,
				6108DB3E285AEA9700B21586 /* Option1ViewController.swift */,
				6108DB40285AEAF900B21586 /* Option2ViewController.swift */,
				6108DB42285AECB300B21586 /* Option3ViewController.swift */,
			);
			path = Parcial;
			sourceTree = "<group>";
		};
/* End PBXGroup section */

/* Begin PBXNativeTarget section */
		6108DB22285ADC8B00B21586 /* Parcial */ = {
			isa = PBXNativeTarget;
			buildConfigurationList = 6108DB37285ADC8C00B21586 /* Build configuration list for PBXNativeTarget "Parcial" */;
			buildPhases = (
				6108DB1F285ADC8B00B21586 /* Sources */,
				6108DB20285ADC8B00B21586 /* Frameworks */,
				6108DB21285ADC8B00B21586 /* Resources */,
			);
			buildRules = (
			);
			dependencies = (
			);
			name = Parcial;
			productName = Parcial;
			productReference = 6108DB23285ADC8B00B21586 /* Parcial.app */;
			productType = "com.apple.product-type.application";
		};
/* End PBXNativeTarget section */

/* Begin PBXProject section */
		6108DB1B285ADC8B00B21586 /* Project object */ = {
			isa = PBXProject;
			attributes = {
				BuildIndependentTargetsInParallel = 1;
				LastSwiftUpdateCheck = 1330;
				LastUpgradeCheck = 1330;
				TargetAttributes = {
					6108DB22285ADC8B00B21586 = {
						CreatedOnToolsVersion = 13.3;
					};
				};
			};
			buildConfigurationList = 6108DB1E285ADC8B00B21586 /* Build configuration list for PBXProject "Parcial" */;
			compatibilityVersion = "Xcode 13.0";
			developmentRegion = en;
			hasScannedForEncodings = 0;
			knownRegions = (
				en,
				Base,
			);
			mainGroup = 6108DB1A285ADC8B00B21586;
			productRefGroup = 6108DB24285ADC8B00B21586 /* Products */;
			projectDirPath = "";
			projectRoot = "";
			targets = (
				6108DB22285ADC8B00B21586 /* Parcial */,
			);
		};
/* End PBXProject section */

/* Begin PBXResourcesBuildPhase section */
		6108DB21285ADC8B00B21586 /* Resources */ = {
			isa = PBXResourcesBuildPhase;
			buildActionMask = 2147483647;
			files = (
				6108DB33285ADC8C00B21586 /* LaunchScreen.storyboard in Resources */,
				6108DB30285ADC8C00B21586 /* Assets.xcassets in Resources */,
				6108DB2E285ADC8B00B21586 /* Main.storyboard in Resources */,
			);
			runOnlyForDeploymentPostprocessing = 0;
		};
/* End PBXResourcesBuildPhase section */

/* Begin PBXSourcesBuildPhase section */
		6108DB1F285ADC8B00B21586 /* Sources */ = {
			isa = PBXSourcesBuildPhase;
			buildActionMask = 2147483647;
			files = (
				6108DB27285ADC8B00B21586 /* AppDelegate.swift in Sources */,
				6108DB3D285AEA5400B21586 /* OptionViewController.swift in Sources */,
				6108DB41285AEAF900B21586 /* Option2ViewController.swift in Sources */,
				6108DB3F285AEA9700B21586 /* Option1ViewController.swift in Sources */,
				6108DB29285ADC8B00B21586 /* SceneDelegate.swift in Sources */,
				6108DB3B285ADD0100B21586 /* HomeViewController.swift in Sources */,
				6108DB43285AECB300B21586 /* Option3ViewController.swift in Sources */,
			);
			runOnlyForDeploymentPostprocessing = 0;
		};
/* End PBXSourcesBuildPhase section */

/* Begin PBXVariantGroup section */
		6108DB2C285ADC8B00B21586 /* Main.storyboard */ = {
			isa = PBXVariantGroup;
			children = (
				6108DB2D285ADC8B00B21586 /* Base */,
			);
			name = Main.storyboard;
			sourceTree = "<group>";
		};
		6108DB31285ADC8C00B21586 /* LaunchScreen.storyboard */ = {
			isa = PBXVariantGroup;
			children = (
				6108DB32285ADC8C00B21586 /* Base */,
			);
			name = LaunchScreen.storyboard;
			sourceTree = "<group>";
		};
/* End PBXVariantGroup section */

/* Begin XCBuildConfiguration section */
		6108DB35285ADC8C00B21586 /* Debug */ = {
			isa = XCBuildConfiguration;
			buildSettings = {
				ALWAYS_SEARCH_USER_PATHS = NO;
				CLANG_ANALYZER_NONNULL = YES;
				CLANG_ANALYZER_NUMBER_OBJECT_CONVERSION = YES_AGGRESSIVE;
				CLANG_CXX_LANGUAGE_STANDARD = "gnu++17";
				CLANG_ENABLE_MODULES = YES;
				CLANG_ENABLE_OBJC_ARC = YES;
				CLANG_ENABLE_OBJC_WEAK = YES;
				CLANG_WARN_BLOCK_CAPTURE_AUTORELEASING = YES;
				CLANG_WARN_BOOL_CONVERSION = YES;
				CLANG_WARN_COMMA = YES;
				CLANG_WARN_CONSTANT_CONVERSION = YES;
				CLANG_WARN_DEPRECATED_OBJC_IMPLEMENTATIONS = YES;
				CLANG_WARN_DIRECT_OBJC_ISA_USAGE = YES_ERROR;
				CLANG_WARN_DOCUMENTATION_COMMENTS = YES;
				CLANG_WARN_EMPTY_BODY = YES;
				CLANG_WARN_ENUM_CONVERSION = YES;
				CLANG_WARN_INFINITE_RECURSION = YES;
				CLANG_WARN_INT_CONVERSION = YES;
				CLANG_WARN_NON_LITERAL_NULL_CONVERSION = YES;
				CLANG_WARN_OBJC_IMPLICIT_RETAIN_SELF = YES;
				CLANG_WARN_OBJC_LITERAL_CONVERSION = YES;
				CLANG_WARN_OBJC_ROOT_CLASS = YES_ERROR;
				CLANG_WARN_QUOTED_INCLUDE_IN_FRAMEWORK_HEADER = YES;
				CLANG_WARN_RANGE_LOOP_ANALYSIS = YES;
				CLANG_WARN_STRICT_PROTOTYPES = YES;
				CLANG_WARN_SUSPICIOUS_MOVE = YES;
				CLANG_WARN_UNGUARDED_AVAILABILITY = YES_AGGRESSIVE;
				CLANG_WARN_UNREACHABLE_CODE = YES;
				CLANG_WARN__DUPLICATE_METHOD_MATCH = YES;
				COPY_PHASE_STRIP = NO;
				DEBUG_INFORMATION_FORMAT = dwarf;
				ENABLE_STRICT_OBJC_MSGSEND = YES;
				ENABLE_TESTABILITY = YES;
				GCC_C_LANGUAGE_STANDARD = gnu11;
				GCC_DYNAMIC_NO_PIC = NO;
				GCC_NO_COMMON_BLOCKS = YES;
				GCC_OPTIMIZATION_LEVEL = 0;
				GCC_PREPROCESSOR_DEFINITIONS = (
					"DEBUG=1",
					"$(inherited)",
				);
				GCC_WARN_64_TO_32_BIT_CONVERSION = YES;
				GCC_WARN_ABOUT_RETURN_TYPE = YES_ERROR;
				GCC_WARN_UNDECLARED_SELECTOR = YES;
				GCC_WARN_UNINITIALIZED_AUTOS = YES_AGGRESSIVE;
				GCC_WARN_UNUSED_FUNCTION = YES;
				GCC_WARN_UNUSED_VARIABLE = YES;
				IPHONEOS_DEPLOYMENT_TARGET = 15.4;
				MTL_ENABLE_DEBUG_INFO = INCLUDE_SOURCE;
				MTL_FAST_MATH = YES;
				ONLY_ACTIVE_ARCH = YES;
				SDKROOT = iphoneos;
				SWIFT_ACTIVE_COMPILATION_CONDITIONS = DEBUG;
				SWIFT_OPTIMIZATION_LEVEL = "-Onone";
			};
			name = Debug;
		};
		6108DB36285ADC8C00B21586 /* Release */ = {
			isa = XCBuildConfiguration;
			buildSettings = {
				ALWAYS_SEARCH_USER_PATHS = NO;
				CLANG_ANALYZER_NONNULL = YES;
				CLANG_ANALYZER_NUMBER_OBJECT_CONVERSION = YES_AGGRESSIVE;
				CLANG_CXX_LANGUAGE_STANDARD = "gnu++17";
				CLANG_ENABLE_MODULES = YES;
				CLANG_ENABLE_OBJC_ARC = YES;
				CLANG_ENABLE_OBJC_WEAK = YES;
				CLANG_WARN_BLOCK_CAPTURE_AUTORELEASING = YES;
				CLANG_WARN_BOOL_CONVERSION = YES;
				CLANG_WARN_COMMA = YES;
				CLANG_WARN_CONSTANT_CONVERSION = YES;
				CLANG_WARN_DEPRECATED_OBJC_IMPLEMENTATIONS = YES;
				CLANG_WARN_DIRECT_OBJC_ISA_USAGE = YES_ERROR;
				CLANG_WARN_DOCUMENTATION_COMMENTS = YES;
				CLANG_WARN_EMPTY_BODY = YES;
				CLANG_WARN_ENUM_CONVERSION = YES;
				CLANG_WARN_INFINITE_RECURSION = YES;
				CLANG_WARN_INT_CONVERSION = YES;
				CLANG_WARN_NON_LITERAL_NULL_CONVERSION = YES;
				CLANG_WARN_OBJC_IMPLICIT_RETAIN_SELF = YES;
				CLANG_WARN_OBJC_LITERAL_CONVERSION = YES;
				CLANG_WARN_OBJC_ROOT_CLASS = YES_ERROR;
				CLANG_WARN_QUOTED_INCLUDE_IN_FRAMEWORK_HEADER = YES;
				CLANG_WARN_RANGE_LOOP_ANALYSIS = YES;
				CLANG_WARN_STRICT_PROTOTYPES = YES;
				CLANG_WARN_SUSPICIOUS_MOVE = YES;
				CLANG_WARN_UNGUARDED_AVAILABILITY = YES_AGGRESSIVE;
				CLANG_WARN_UNREACHABLE_CODE = YES;
				CLANG_WARN__DUPLICATE_METHOD_MATCH = YES;
				COPY_PHASE_STRIP = NO;
				DEBUG_INFORMATION_FORMAT = "dwarf-with-dsym";
				ENABLE_NS_ASSERTIONS = NO;
				ENABLE_STRICT_OBJC_MSGSEND = YES;
				GCC_C_LANGUAGE_STANDARD = gnu11;
				GCC_NO_COMMON_BLOCKS = YES;
				GCC_WARN_64_TO_32_BIT_CONVERSION = YES;
				GCC_WARN_ABOUT_RETURN_TYPE = YES_ERROR;
				GCC_WARN_UNDECLARED_SELECTOR = YES;
				GCC_WARN_UNINITIALIZED_AUTOS = YES_AGGRESSIVE;
				GCC_WARN_UNUSED_FUNCTION = YES;
				GCC_WARN_UNUSED_VARIABLE = YES;
				IPHONEOS_DEPLOYMENT_TARGET = 15.4;
				MTL_ENABLE_DEBUG_INFO = NO;
				MTL_FAST_MATH = YES;
				SDKROOT = iphoneos;
				SWIFT_COMPILATION_MODE = wholemodule;
				SWIFT_OPTIMIZATION_LEVEL = "-O";
				VALIDATE_PRODUCT = YES;
			};
			name = Release;
		};
		6108DB38285ADC8C00B21586 /* Debug */ = {
			isa = XCBuildConfiguration;
			buildSettings = {
				ASSETCATALOG_COMPILER_APPICON_NAME = AppIcon;
				ASSETCATALOG_COMPILER_GLOBAL_ACCENT_COLOR_NAME = AccentColor;
				CODE_SIGN_STYLE = Automatic;
				CURRENT_PROJECT_VERSION = 1;
				DEVELOPMENT_TEAM = PDDUNXV5FW;
				GENERATE_INFOPLIST_FILE = YES;
				INFOPLIST_FILE = Parcial/Info.plist;
				INFOPLIST_KEY_UIApplicationSupportsIndirectInputEvents = YES;
				INFOPLIST_KEY_UILaunchStoryboardName = LaunchScreen;
				INFOPLIST_KEY_UIMainStoryboardFile = Main;
				INFOPLIST_KEY_UISupportedInterfaceOrientations_iPad = "UIInterfaceOrientationPortrait UIInterfaceOrientationPortraitUpsideDown UIInterfaceOrientationLandscapeLeft UIInterfaceOrientationLandscapeRight";
				INFOPLIST_KEY_UISupportedInterfaceOrientations_iPhone = "UIInterfaceOrientationPortrait UIInterfaceOrientationLandscapeLeft UIInterfaceOrientationLandscapeRight";
				LD_RUNPATH_SEARCH_PATHS = (
					"$(inherited)",
					"@executable_path/Frameworks",
				);
				MARKETING_VERSION = 1.0;
				PRODUCT_BUNDLE_IDENTIFIER = com.isil.Parcial;
				PRODUCT_NAME = "$(TARGET_NAME)";
				SWIFT_EMIT_LOC_STRINGS = YES;
				SWIFT_VERSION = 5.0;
				TARGETED_DEVICE_FAMILY = "1,2";
			};
			name = Debug;
		};
		6108DB39285ADC8C00B21586 /* Release */ = {
			isa = XCBuildConfiguration;
			buildSettings = {
				ASSETCATALOG_COMPILER_APPICON_NAME = AppIcon;
				ASSETCATALOG_COMPILER_GLOBAL_ACCENT_COLOR_NAME = AccentColor;
				CODE_SIGN_STYLE = Automatic;
				CURRENT_PROJECT_VERSION = 1;
				DEVELOPMENT_TEAM = PDDUNXV5FW;
				GENERATE_INFOPLIST_FILE = YES;
				INFOPLIST_FILE = Parcial/Info.plist;
				INFOPLIST_KEY_UIApplicationSupportsIndirectInputEvents = YES;
				INFOPLIST_KEY_UILaunchStoryboardName = LaunchScreen;
				INFOPLIST_KEY_UIMainStoryboardFile = Main;
				INFOPLIST_KEY_UISupportedInterfaceOrientations_iPad = "UIInterfaceOrientationPortrait UIInterfaceOrientationPortraitUpsideDown UIInterfaceOrientationLandscapeLeft UIInterfaceOrientationLandscapeRight";
				INFOPLIST_KEY_UISupportedInterfaceOrientations_iPhone = "UIInterfaceOrientationPortrait UIInterfaceOrientationLandscapeLeft UIInterfaceOrientationLandscapeRight";
				LD_RUNPATH_SEARCH_PATHS = (
					"$(inherited)",
					"@executable_path/Frameworks",
				);
				MARKETING_VERSION = 1.0;
				PRODUCT_BUNDLE_IDENTIFIER = com.isil.Parcial;
				PRODUCT_NAME = "$(TARGET_NAME)";
				SWIFT_EMIT_LOC_STRINGS = YES;
				SWIFT_VERSION = 5.0;
				TARGETED_DEVICE_FAMILY = "1,2";
			};
			name = Release;
		};
/* End XCBuildConfiguration section */

/* Begin XCConfigurationList section */
		6108DB1E285ADC8B00B21586 /* Build configuration list for PBXProject "Parcial" */ = {
			isa = XCConfigurationList;
			buildConfigurations = (
				6108DB35285ADC8C00B21586 /* Debug */,
				6108DB36285ADC8C00B21586 /* Release */,
			);
			defaultConfigurationIsVisible = 0;
			defaultConfigurationName = Release;
		};
		6108DB37285ADC8C00B21586 /* Build configuration list for PBXNativeTarget "Parcial" */ = {
			isa = XCConfigurationList;
			buildConfigurations = (
				6108DB38285ADC8C00B21586 /* Debug */,
				6108DB39285ADC8C00B21586 /* Release */,
			);
			defaultConfigurationIsVisible = 0;
			defaultConfigurationName = Release;
		};
/* End XCConfigurationList section */
	};
	rootObject = 6108DB1B285ADC8B00B21586 /* Project object */;
}
